# SPDX-FileCopyrightText: 2026 Roy C. Gross
# SPDX-License-Identifier: Apache-2.0
# Shell-compatible, immutable dependency lock for scripts/prepare-dependencies.sh.
MESHTASTIC_FIRMWARE_REPOSITORY=https://github.com/meshtastic/firmware.git
MESHTASTIC_FIRMWARE_TAG=v2.7.26.54e0d8d
MESHTASTIC_FIRMWARE_COMMIT=54e0d8d0ab2ff56b3a9ce967e53f79e49af560fb
MESHTASTIC_FIRMWARE_TREE=91e58277587d0ccdc799ce4070258cb815ab0dd0
MESHTASTIC_FIRMWARE_LICENSE=GPL-3.0-only
MESHTASTIC_FIRMWARE_EXCLUDED_ARTIFACT_PATH=bin/mergehex
MESHTASTIC_FIRMWARE_EXCLUDED_ARTIFACT_SHA256=771dbf176b9b145c0ddfc188c85b32dce6012423dd668f3d0a8f9ac63562f6e8
PLATFORMIO_CORE_VERSION=6.1.18
PLATFORMIO_PYTHON_VERSION=3.13
PLATFORMIO_TOOL_SCONS_VERSION=4.40801.0
PLATFORMIO_NANOPB_REGRESSIONS_ZIP_PATH=libdeps/native/Nanopb/tests/fuzztest/regressions.zip
PLATFORMIO_NANOPB_REGRESSIONS_ZIP_SHA256=1adab2f90e41e91317170eea2dab9cf9c2cec246f5d8f4cb1b254338cb46d778
PLATFORMIO_NANOPB_CORPUS_ZIP_PATH=libdeps/native/Nanopb/tests/fuzztest/corpus.zip
PLATFORMIO_NANOPB_CORPUS_ZIP_SHA256=0449257e1cff3cfbcaa01e5e4bd69083e4cb5d18299bd5515faf1bc6b4b030e6
PLATFORMIO_FRAMEWORK_PORTDUINO_COMMIT=5f100db1b33fb0c23f149fd47c9779abcfe1e09d
PLATFORMIO_FRAMEWORK_PORTDUINO_EXCLUDED_PATH=cmake-build-debug
PLATFORMIO_FRAMEWORK_PORTDUINO_EXCLUDED_TREE=c094b061b468fbc94ab97cf7184eab1bbb1b9357
PLATFORMIO_FRAMEWORK_WIFI_COMMIT=92b064179165ea6333d26d3ddd23299ce6f4b048
PLATFORMIO_FRAMEWORK_WIFI_EXCLUDED_PATH=extras
PLATFORMIO_FRAMEWORK_WIFI_EXCLUDED_TREE=15b60238a56da6d4f717e68cead264b6277f2b9d
MESHTASTIC_WEB_RELEASE=v2.6.7
MESHTASTIC_WEB_TAG=v2.6.7
MESHTASTIC_WEB_REPOSITORY=https://github.com/meshtastic/web.git
MESHTASTIC_WEB_COMMIT=acfa7d2269a70c4d881c8cf27a39c65981427e28
MESHTASTIC_WEB_TREE=47b231170bd7347cae67fad77a9c340314f63d58
MESHTASTIC_WEB_ASSET_URL=https://github.com/meshtastic/web/releases/download/v2.6.7/build.tar
MESHTASTIC_WEB_ASSET_SHA256=a34f4360a0486543a698de20de533557492e763ab459fc27fcea95d0495144ed
MESHTASTIC_WEB_LICENSE=GPL-3.0-only
